
Microsoft Visual Studio Solution File, Format Version 12.00
# Visual Studio Version 16
VisualStudioVersion = 16.0.32228.343
MinimumVisualStudioVersion = 10.0.40219.1
Project("{9A19103F-16F7-4668-BE54-9A1E7A4F7556}") = "KafkaProducer", "KafkaProducer.csproj", "{B4DF778E-AC3F-4C00-94C6-4BEDCFE3A6F3}"
EndProject
Project("{9A19103F-16F7-4668-BE54-9A1E7A4F7556}") = "KafkaConsumer", "..\KafkaConsumer\KafkaConsumer.csproj", "{A57384D0-802C-4284-851D-9C13E128B8D9}"
EndProject
Project("{FAE04EC0-301F-11D3-BF4B-00C04F79EFBC}") = "KafkaMoves", "..\KafkaMoves\KafkaMoves.csproj", "{D919F2DC-A9C3-4BFF-8955-F7882FFC3C92}"
EndProject
Global
	GlobalSection(SolutionConfigurationPlatforms) = preSolution
		Debug|Any CPU = Debug|Any CPU
		Release|Any CPU = Release|Any CPU
	EndGlobalSection
	GlobalSection(ProjectConfigurationPlatforms) = postSolution
		{B4DF778E-AC3F-4C00-94C6-4BEDCFE3A6F3}.Debug|Any CPU.ActiveCfg = Debug|Any CPU
		{B4DF778E-AC3F-4C00-94C6-4BEDCFE3A6F3}.Debug|Any CPU.Build.0 = Debug|Any CPU
		{B4DF778E-AC3F-4C00-94C6-4BEDCFE3A6F3}.Release|Any CPU.ActiveCfg = Release|Any CPU
		{B4DF778E-AC3F-4C00-94C6-4BEDCFE3A6F3}.Release|Any CPU.Build.0 = Release|Any CPU
		{A57384D0-802C-4284-851D-9C13E128B8D9}.Debug|Any CPU.ActiveCfg = Debug|Any CPU
		{A57384D0-802C-4284-851D-9C13E128B8D9}.Debug|Any CPU.Build.0 = Debug|Any CPU
		{A57384D0-802C-4284-851D-9C13E128B8D9}.Release|Any CPU.ActiveCfg = Release|Any CPU
		{A57384D0-802C-4284-851D-9C13E128B8D9}.Release|Any CPU.Build.0 = Release|Any CPU
		{D919F2DC-A9C3-4BFF-8955-F7882FFC3C92}.Debug|Any CPU.ActiveCfg = Debug|Any CPU
		{D919F2DC-A9C3-4BFF-8955-F7882FFC3C92}.Debug|Any CPU.Build.0 = Debug|Any CPU
		{D919F2DC-A9C3-4BFF-8955-F7882FFC3C92}.Release|Any CPU.ActiveCfg = Release|Any CPU
		{D919F2DC-A9C3-4BFF-8955-F7882FFC3C92}.Release|Any CPU.Build.0 = Release|Any CPU
	EndGlobalSection
	GlobalSection(SolutionProperties) = preSolution
		HideSolutionNode = FALSE
	EndGlobalSection
	GlobalSection(ExtensibilityGlobals) = postSolution
		SolutionGuid = {1CB16F67-FA12-4ECB-8D9C-CF1EF2895280}
	EndGlobalSection
EndGlobal
